
Microsoft Visual Studio Solution File, Format Version 12.00
# Visual Studio Version 16
VisualStudioVersion = 16.0.31410.357
MinimumVisualStudioVersion = 10.0.40219.1
Project("{FAE04EC0-301F-11D3-BF4B-00C04F79EFBC}") = "SimpleHeartbeatService", "SimpleHeartbeatService\SimpleHeartbeatService.csproj", "{FAE01DE4-9B1D-4166-BCBD-7CB2E188BA6E}"
EndProject
Global
	GlobalSection(SolutionConfigurationPlatforms) = preSolution
		Debug|Any CPU = Debug|Any CPU
		Release|Any CPU = Release|Any CPU
	EndGlobalSection
	GlobalSection(ProjectConfigurationPlatforms) = postSolution
		{FAE01DE4-9B1D-4166-BCBD-7CB2E188BA6E}.Debug|Any CPU.ActiveCfg = Debug|Any CPU
		{FAE01DE4-9B1D-4166-BCBD-7CB2E188BA6E}.Debug|Any CPU.Build.0 = Debug|Any CPU
		{FAE01DE4-9B1D-4166-BCBD-7CB2E188BA6E}.Release|Any CPU.ActiveCfg = Release|Any CPU
		{FAE01DE4-9B1D-4166-BCBD-7CB2E188BA6E}.Release|Any CPU.Build.0 = Release|Any CPU
	EndGlobalSection
	GlobalSection(SolutionProperties) = preSolution
		HideSolutionNode = FALSE
	EndGlobalSection
	GlobalSection(ExtensibilityGlobals) = postSolution
		SolutionGuid = {437275AF-00BD-4554-B634-7A3737FFB7A0}
	EndGlobalSection
EndGlobal
